
Microsoft Visual Studio Solution File, Format Version 12.00
# Visual Studio Version 17
VisualStudioVersion = 17.4.33403.182
MinimumVisualStudioVersion = 10.0.40219.1
Project("{9A19103F-16F7-4668-BE54-9A1E7A4F7556}") = "BlazorServeCrud", "BlazorServeCrud\BlazorServeCrud.csproj", "{7A6B61D2-E0BA-4954-B005-1C30665ED3AD}"
EndProject
Global
	GlobalSection(SolutionConfigurationPlatforms) = preSolution
		Debug|Any CPU = Debug|Any CPU
		Release|Any CPU = Release|Any CPU
	EndGlobalSection
	GlobalSection(ProjectConfigurationPlatforms) = postSolution
		{7A6B61D2-E0BA-4954-B005-1C30665ED3AD}.Debug|Any CPU.ActiveCfg = Debug|Any CPU
		{7A6B61D2-E0BA-4954-B005-1C30665ED3AD}.Debug|Any CPU.Build.0 = Debug|Any CPU
		{7A6B61D2-E0BA-4954-B005-1C30665ED3AD}.Release|Any CPU.ActiveCfg = Release|Any CPU
		{7A6B61D2-E0BA-4954-B005-1C30665ED3AD}.Release|Any CPU.Build.0 = Release|Any CPU
	EndGlobalSection
	GlobalSection(SolutionProperties) = preSolution
		HideSolutionNode = FALSE
	EndGlobalSection
	GlobalSection(ExtensibilityGlobals) = postSolution
		SolutionGuid = {EA3D7D48-FE1B-406A-AF3F-CDC0D92795AF}
	EndGlobalSection
EndGlobal
